
Microsoft Visual Studio Solution File, Format Version 12.00
# Visual Studio Version 16
VisualStudioVersion = 16.0.30503.244
MinimumVisualStudioVersion = 10.0.40219.1
Project("{8BC9CEB8-8B4A-11D0-8D11-00A0C91BC942}") = "exo1", "exo1\exo1.vcxproj", "{B2008089-A405-49DB-BC51-E433DB11DA94}"
EndProject
Project("{8BC9CEB8-8B4A-11D0-8D11-00A0C91BC942}") = "exo2", "exo2\exo2.vcxproj", "{571117CC-C977-4841-AE2E-2115467F0803}"
EndProject
Project("{8BC9CEB8-8B4A-11D0-8D11-00A0C91BC942}") = "exo3", "exo3\exo3.vcxproj", "{3986D054-A96A-49B1-A843-2D310AB98576}"
EndProject
Project("{8BC9CEB8-8B4A-11D0-8D11-00A0C91BC942}") = "exo4", "exo4\exo4.vcxproj", "{FAA1BA9C-7E70-46B6-A787-654D6EFA01FE}"
EndProject
Project("{8BC9CEB8-8B4A-11D0-8D11-00A0C91BC942}") = "exo5", "exo5\exo5.vcxproj", "{33304898-507D-419C-8F5C-5D811B5D628F}"
EndProject
Project("{8BC9CEB8-8B4A-11D0-8D11-00A0C91BC942}") = "exo6", "exo6\exo6.vcxproj", "{BE7235EC-D0A5-4E93-81D7-D5673370D1F3}"
EndProject
Global
	GlobalSection(SolutionConfigurationPlatforms) = preSolution
		Debug|x64 = Debug|x64
		Debug|x86 = Debug|x86
		Release|x64 = Release|x64
		Release|x86 = Release|x86
	EndGlobalSection
	GlobalSection(ProjectConfigurationPlatforms) = postSolution
		{B2008089-A405-49DB-BC51-E433DB11DA94}.Debug|x64.ActiveCfg = Debug|x64
		{B2008089-A405-49DB-BC51-E433DB11DA94}.Debug|x64.Build.0 = Debug|x64
		{B2008089-A405-49DB-BC51-E433DB11DA94}.Debug|x86.ActiveCfg = Debug|Win32
		{B2008089-A405-49DB-BC51-E433DB11DA94}.Debug|x86.Build.0 = Debug|Win32
		{B2008089-A405-49DB-BC51-E433DB11DA94}.Release|x64.ActiveCfg = Release|x64
		{B2008089-A405-49DB-BC51-E433DB11DA94}.Release|x64.Build.0 = Release|x64
		{B2008089-A405-49DB-BC51-E433DB11DA94}.Release|x86.ActiveCfg = Release|Win32
		{B2008089-A405-49DB-BC51-E433DB11DA94}.Release|x86.Build.0 = Release|Win32
		{571117CC-C977-4841-AE2E-2115467F0803}.Debug|x64.ActiveCfg = Debug|x64
		{571117CC-C977-4841-AE2E-2115467F0803}.Debug|x64.Build.0 = Debug|x64
		{571117CC-C977-4841-AE2E-2115467F0803}.Debug|x86.ActiveCfg = Debug|Win32
		{571117CC-C977-4841-AE2E-2115467F0803}.Debug|x86.Build.0 = Debug|Win32
		{571117CC-C977-4841-AE2E-2115467F0803}.Release|x64.ActiveCfg = Release|x64
		{571117CC-C977-4841-AE2E-2115467F0803}.Release|x64.Build.0 = Release|x64
		{571117CC-C977-4841-AE2E-2115467F0803}.Release|x86.ActiveCfg = Release|Win32
		{571117CC-C977-4841-AE2E-2115467F0803}.Release|x86.Build.0 = Release|Win32
		{3986D054-A96A-49B1-A843-2D310AB98576}.Debug|x64.ActiveCfg = Debug|x64
		{3986D054-A96A-49B1-A843-2D310AB98576}.Debug|x64.Build.0 = Debug|x64
		{3986D054-A96A-49B1-A843-2D310AB98576}.Debug|x86.ActiveCfg = Debug|Win32
		{3986D054-A96A-49B1-A843-2D310AB98576}.Debug|x86.Build.0 = Debug|Win32
		{3986D054-A96A-49B1-A843-2D310AB98576}.Release|x64.ActiveCfg = Release|x64
		{3986D054-A96A-49B1-A843-2D310AB98576}.Release|x64.Build.0 = Release|x64
		{3986D054-A96A-49B1-A843-2D310AB98576}.Release|x86.ActiveCfg = Release|Win32
		{3986D054-A96A-49B1-A843-2D310AB98576}.Release|x86.Build.0 = Release|Win32
		{FAA1BA9C-7E70-46B6-A787-654D6EFA01FE}.Debug|x64.ActiveCfg = Debug|x64
		{FAA1BA9C-7E70-46B6-A787-654D6EFA01FE}.Debug|x64.Build.0 = Debug|x64
		{FAA1BA9C-7E70-46B6-A787-654D6EFA01FE}.Debug|x86.ActiveCfg = Debug|Win32
		{FAA1BA9C-7E70-46B6-A787-654D6EFA01FE}.Debug|x86.Build.0 = Debug|Win32
		{FAA1BA9C-7E70-46B6-A787-654D6EFA01FE}.Release|x64.ActiveCfg = Release|x64
		{FAA1BA9C-7E70-46B6-A787-654D6EFA01FE}.Release|x64.Build.0 = Release|x64
		{FAA1BA9C-7E70-46B6-A787-654D6EFA01FE}.Release|x86.ActiveCfg = Release|Win32
		{FAA1BA9C-7E70-46B6-A787-654D6EFA01FE}.Release|x86.Build.0 = Release|Win32
		{33304898-507D-419C-8F5C-5D811B5D628F}.Debug|x64.ActiveCfg = Debug|x64
		{33304898-507D-419C-8F5C-5D811B5D628F}.Debug|x64.Build.0 = Debug|x64
		{33304898-507D-419C-8F5C-5D811B5D628F}.Debug|x86.ActiveCfg = Debug|Win32
		{33304898-507D-419C-8F5C-5D811B5D628F}.Debug|x86.Build.0 = Debug|Win32
		{33304898-507D-419C-8F5C-5D811B5D628F}.Release|x64.ActiveCfg = Release|x64
		{33304898-507D-419C-8F5C-5D811B5D628F}.Release|x64.Build.0 = Release|x64
		{33304898-507D-419C-8F5C-5D811B5D628F}.Release|x86.ActiveCfg = Release|Win32
		{33304898-507D-419C-8F5C-5D811B5D628F}.Release|x86.Build.0 = Release|Win32
		{BE7235EC-D0A5-4E93-81D7-D5673370D1F3}.Debug|x64.ActiveCfg = Debug|x64
		{BE7235EC-D0A5-4E93-81D7-D5673370D1F3}.Debug|x64.Build.0 = Debug|x64
		{BE7235EC-D0A5-4E93-81D7-D5673370D1F3}.Debug|x86.ActiveCfg = Debug|Win32
		{BE7235EC-D0A5-4E93-81D7-D5673370D1F3}.Debug|x86.Build.0 = Debug|Win32
		{BE7235EC-D0A5-4E93-81D7-D5673370D1F3}.Release|x64.ActiveCfg = Release|x64
		{BE7235EC-D0A5-4E93-81D7-D5673370D1F3}.Release|x64.Build.0 = Release|x64
		{BE7235EC-D0A5-4E93-81D7-D5673370D1F3}.Release|x86.ActiveCfg = Release|Win32
		{BE7235EC-D0A5-4E93-81D7-D5673370D1F3}.Release|x86.Build.0 = Release|Win32
	EndGlobalSection
	GlobalSection(SolutionProperties) = preSolution
		HideSolutionNode = FALSE
	EndGlobalSection
	GlobalSection(ExtensibilityGlobals) = postSolution
		SolutionGuid = {31D7FFC1-50BF-49C1-B92B-414777A69CC4}
	EndGlobalSection
EndGlobal
